
Microsoft Visual Studio Solution File, Format Version 12.00
# Visual Studio Version 16
VisualStudioVersion = 16.0.29519.87
MinimumVisualStudioVersion = 10.0.40219.1
Project("{FAE04EC0-301F-11D3-BF4B-00C04F79EFBC}") = "ZooMealPlanner", "ZooMealPlanner\ZooMealPlanner.csproj", "{A90F7C82-09D5-4B78-99E3-0371D1CB1479}"
EndProject
Global
	GlobalSection(SolutionConfigurationPlatforms) = preSolution
		Debug|Any CPU = Debug|Any CPU
		Release|Any CPU = Release|Any CPU
	EndGlobalSection
	GlobalSection(ProjectConfigurationPlatforms) = postSolution
		{A90F7C82-09D5-4B78-99E3-0371D1CB1479}.Debug|Any CPU.ActiveCfg = Debug|Any CPU
		{A90F7C82-09D5-4B78-99E3-0371D1CB1479}.Debug|Any CPU.Build.0 = Debug|Any CPU
		{A90F7C82-09D5-4B78-99E3-0371D1CB1479}.Release|Any CPU.ActiveCfg = Release|Any CPU
		{A90F7C82-09D5-4B78-99E3-0371D1CB1479}.Release|Any CPU.Build.0 = Release|Any CPU
	EndGlobalSection
	GlobalSection(SolutionProperties) = preSolution
		HideSolutionNode = FALSE
	EndGlobalSection
	GlobalSection(ExtensibilityGlobals) = postSolution
		SolutionGuid = {F2BFA08D-D424-42B2-BB88-5203CB3037DA}
	EndGlobalSection
EndGlobal
